{
  "name": "tally-xml-tdl",
  "version": "1.29.1",
  "lockfileVersion": 3,
  "requires": true,
  "packages": {
    "": {
      "name": "tally-xml-tdl",
      "version": "1.29.1",
      "dependencies": {
        "tally-extract": "^1.10.2",
        "tally-spec": "^1.2.4"
      },
      "devDependencies": {
        "create-intellisense": "^1.2.1"
      }
    },
    "../create-intellisense": {
      "version": "1.2.1",
      "dev": true,
      "license": "MIT",
      "bin": {
        "create-intellisense": "bin/create-intellisense.js"
      },
      "engines": {
        "node": ">=20.10"
      }
    },
    "node_modules/create-intellisense": {
      "resolved": "../create-intellisense",
      "link": true
    },
    "node_modules/tally-extract": {
      "version": "1.10.2",
      "resolved": "https://registry.npmjs.org/tally-extract/-/tally-extract-1.10.2.tgz",
      "integrity": "sha512-JTHqCjAIyIcVjSDgmH6jnBx0c0T/DdYKTARrh/Yo03C5ovoVAV64/ae9bWZwhRxm3GeLHF9flAUneFxWUHoSjg==",
      "license": "MIT",
      "dependencies": {
        "tally-spec": "^1.2.3"
      }
    },
    "node_modules/tally-spec": {
      "version": "1.2.4",
      "resolved": "https://registry.npmjs.org/tally-spec/-/tally-spec-1.2.4.tgz",
      "integrity": "sha512-k2s/bXMK4M5wiOCYiBSRVBNW2Uw9ZVIe/7tNUtitMNOpYJup2o08h+09QrpSZdZZC2UxgvtDIUswdzEdf3MhVg==",
      "license": "MIT",
      "engines": {
        "node": ">=20.10"
      }
    }
  }
}
