{
  "name": "tally-xml-tdl",
  "version": "1.27.3",
  "lockfileVersion": 3,
  "requires": true,
  "packages": {
    "": {
      "name": "tally-xml-tdl",
      "version": "1.27.3",
      "dependencies": {
        "@keshavsoft/api-tree": "^11.1.1",
        "tally-extract": "^1.10.2",
        "tally-spec": "^1.2.2"
      },
      "devDependencies": {
        "create-intellisense": "^1.2.1"
      }
    },
    "../create-intellisense": {
      "version": "1.2.1",
      "dev": true,
      "license": "MIT",
      "bin": {
        "create-intellisense": "bin/create-intellisense.js"
      },
      "engines": {
        "node": ">=20.10"
      }
    },
    "node_modules/@keshavsoft/api-tree": {
      "version": "11.1.1",
      "resolved": "https://registry.npmjs.org/@keshavsoft/api-tree/-/api-tree-11.1.1.tgz",
      "integrity": "sha512-hDzOLdDa9+U8xRNfH8NdDpAULYMOlOeL3QcS6bvYwdNvebhPjchuLqszRIlImMmLpqgIq3wi/u0KeLmLFWMJBA==",
      "license": "MIT",
      "engines": {
        "node": ">=20.10"
      }
    },
    "node_modules/create-intellisense": {
      "resolved": "../create-intellisense",
      "link": true
    },
    "node_modules/tally-extract": {
      "version": "1.10.2",
      "resolved": "https://registry.npmjs.org/tally-extract/-/tally-extract-1.10.2.tgz",
      "integrity": "sha512-JTHqCjAIyIcVjSDgmH6jnBx0c0T/DdYKTARrh/Yo03C5ovoVAV64/ae9bWZwhRxm3GeLHF9flAUneFxWUHoSjg==",
      "license": "MIT",
      "dependencies": {
        "tally-spec": "^1.2.3"
      }
    },
    "node_modules/tally-spec": {
      "version": "1.2.3",
      "resolved": "https://registry.npmjs.org/tally-spec/-/tally-spec-1.2.3.tgz",
      "integrity": "sha512-UEwrQWPJPGLBMoBlipcxpAkcGXfsxdRKIToyF203biVs8Z0qcgbm5+rCFP1pfbVE8EZeam64odcLK8z/969tig==",
      "license": "MIT",
      "engines": {
        "node": ">=20.10"
      }
    }
  }
}
